// !$*UTF8*$!
{
	archiveVersion = 1;
	classes = {
	};
	objectVersion = 46;
	objects = {

/* Begin PBXBuildFile section */
		441844211F13751B00D391A1 /* DTDemoDomain.framework in Frameworks */ = {isa = PBXBuildFile; fileRef = 441844201F13751B00D391A1 /* DTDemoDomain.framework */; };
		4426AEC91F137DDE0060212E /* FeatureB.framework in Frameworks */ = {isa = PBXBuildFile; fileRef = 4426AEC81F137DDE0060212E /* FeatureB.framework */; };
		448F90941F0E684A00A3C548 /* main.m in Sources */ = {isa = PBXBuildFile; fileRef = 448F90931F0E684A00A3C548 /* main.m */; };
		448F90971F0E684A00A3C548 /* AppDelegate.m in Sources */ = {isa = PBXBuildFile; fileRef = 448F90961F0E684A00A3C548 /* AppDelegate.m */; };
		448F909A1F0E684A00A3C548 /* ViewController.m in Sources */ = {isa = PBXBuildFile; fileRef = 448F90991F0E684A00A3C548 /* ViewController.m */; };
		448F909D1F0E684A00A3C548 /* Main.storyboard in Resources */ = {isa = PBXBuildFile; fileRef = 448F909B1F0E684A00A3C548 /* Main.storyboard */; };
		448F909F1F0E684A00A3C548 /* Assets.xcassets in Resources */ = {isa = PBXBuildFile; fileRef = 448F909E1F0E684A00A3C548 /* Assets.xcassets */; };
		448F90A21F0E684A00A3C548 /* LaunchScreen.storyboard in Resources */ = {isa = PBXBuildFile; fileRef = 448F90A01F0E684A00A3C548 /* LaunchScreen.storyboard */; };
		448F90C01F0E68D800A3C548 /* FeatureA.framework in Frameworks */ = {isa = PBXBuildFile; fileRef = 448F90BF1F0E68D800A3C548 /* FeatureA.framework */; };
		44A360211F1D045700D37278 /* DTAppScope.m in Sources */ = {isa = PBXBuildFile; fileRef = 44A3601C1F1D045700D37278 /* DTAppScope.m */; };
		44A360221F1D045700D37278 /* DTAppScopeInitializer.m in Sources */ = {isa = PBXBuildFile; fileRef = 44A3601F1F1D045700D37278 /* DTAppScopeInitializer.m */; };
		44A360681F1D0AC000D37278 /* CRDI.framework in Frameworks */ = {isa = PBXBuildFile; fileRef = 44A360671F1D0AC000D37278 /* CRDI.framework */; };
		44F71FE71F14CE6C00E3B678 /* FeatureC.framework in Frameworks */ = {isa = PBXBuildFile; fileRef = 44F71FE61F14CE6C00E3B678 /* FeatureC.framework */; };
		44F71FE91F14D34300E3B678 /* FeatureC.framework in Frameworks */ = {isa = PBXBuildFile; fileRef = 44F71FE81F14D34300E3B678 /* FeatureC.framework */; };
		44F71FEA1F14D34300E3B678 /* FeatureC.framework in Embed Frameworks */ = {isa = PBXBuildFile; fileRef = 44F71FE81F14D34300E3B678 /* FeatureC.framework */; settings = {ATTRIBUTES = (CodeSignOnCopy, RemoveHeadersOnCopy, ); }; };
		44F71FED1F14D5A600E3B678 /* FeatureB.framework in Frameworks */ = {isa = PBXBuildFile; fileRef = 44F71FEC1F14D5A600E3B678 /* FeatureB.framework */; };
		44F71FEE1F14D5A600E3B678 /* FeatureB.framework in Embed Frameworks */ = {isa = PBXBuildFile; fileRef = 44F71FEC1F14D5A600E3B678 /* FeatureB.framework */; settings = {ATTRIBUTES = (CodeSignOnCopy, RemoveHeadersOnCopy, ); }; };
		44F71FF01F14D5A700E3B678 /* FeatureA.framework in Frameworks */ = {isa = PBXBuildFile; fileRef = 44F71FEF1F14D5A700E3B678 /* FeatureA.framework */; };
		44F71FF11F14D5A700E3B678 /* FeatureA.framework in Embed Frameworks */ = {isa = PBXBuildFile; fileRef = 44F71FEF1F14D5A700E3B678 /* FeatureA.framework */; settings = {ATTRIBUTES = (CodeSignOnCopy, RemoveHeadersOnCopy, ); }; };
/* End PBXBuildFile section */

/* Begin PBXCopyFilesBuildPhase section */
		44F71FEB1F14D34400E3B678 /* Embed Frameworks */ = {
			isa = PBXCopyFilesBuildPhase;
			buildActionMask = 2147483647;
			dstPath = "";
			dstSubfolderSpec = 10;
			files = (
				44F71FEE1F14D5A600E3B678 /* FeatureB.framework in Embed Frameworks */,
				44F71FF11F14D5A700E3B678 /* FeatureA.framework in Embed Frameworks */,
				44F71FEA1F14D34300E3B678 /* FeatureC.framework in Embed Frameworks */,
			);
			name = "Embed Frameworks";
			runOnlyForDeploymentPostprocessing = 0;
		};
/* End PBXCopyFilesBuildPhase section */

/* Begin PBXFileReference section */
		441844201F13751B00D391A1 /* DTDemoDomain.framework */ = {isa = PBXFileReference; lastKnownFileType = wrapper.framework; name = DTDemoDomain.framework; path = Carthage/Build/iOS/DTDemoDomain.framework; sourceTree = "<group>"; };
		4426AEC81F137DDE0060212E /* FeatureB.framework */ = {isa = PBXFileReference; lastKnownFileType = wrapper.framework; name = FeatureB.framework; path = "FeatureB/build/Debug-iphoneos/FeatureB.framework"; sourceTree = "<group>"; };
		448F908F1F0E684900A3C548 /* DTDemoApp.app */ = {isa = PBXFileReference; explicitFileType = wrapper.application; includeInIndex = 0; path = DTDemoApp.app; sourceTree = BUILT_PRODUCTS_DIR; };
		448F90931F0E684A00A3C548 /* main.m */ = {isa = PBXFileReference; lastKnownFileType = sourcecode.c.objc; path = main.m; sourceTree = "<group>"; };
		448F90951F0E684A00A3C548 /* AppDelegate.h */ = {isa = PBXFileReference; lastKnownFileType = sourcecode.c.h; path = AppDelegate.h; sourceTree = "<group>"; };
		448F90961F0E684A00A3C548 /* AppDelegate.m */ = {isa = PBXFileReference; lastKnownFileType = sourcecode.c.objc; path = AppDelegate.m; sourceTree = "<group>"; };
		448F90981F0E684A00A3C548 /* ViewController.h */ = {isa = PBXFileReference; lastKnownFileType = sourcecode.c.h; path = ViewController.h; sourceTree = "<group>"; };
		448F90991F0E684A00A3C548 /* ViewController.m */ = {isa = PBXFileReference; lastKnownFileType = sourcecode.c.objc; path = ViewController.m; sourceTree = "<group>"; };
		448F909C1F0E684A00A3C548 /* Base */ = {isa = PBXFileReference; lastKnownFileType = file.storyboard; name = Base; path = Base.lproj/Main.storyboard; sourceTree = "<group>"; };
		448F909E1F0E684A00A3C548 /* Assets.xcassets */ = {isa = PBXFileReference; lastKnownFileType = folder.assetcatalog; path = Assets.xcassets; sourceTree = "<group>"; };
		448F90A11F0E684A00A3C548 /* Base */ = {isa = PBXFileReference; lastKnownFileType = file.storyboard; name = Base; path = Base.lproj/LaunchScreen.storyboard; sourceTree = "<group>"; };
		448F90A31F0E684A00A3C548 /* Info.plist */ = {isa = PBXFileReference; lastKnownFileType = text.plist.xml; path = Info.plist; sourceTree = "<group>"; };
		448F90BF1F0E68D800A3C548 /* FeatureA.framework */ = {isa = PBXFileReference; lastKnownFileType = wrapper.framework; name = FeatureA.framework; path = "FeatureA/build/Debug-iphoneos/FeatureA.framework"; sourceTree = "<group>"; };
		44A3601B1F1D045700D37278 /* DTAppScope.h */ = {isa = PBXFileReference; fileEncoding = 4; lastKnownFileType = sourcecode.c.h; path = DTAppScope.h; sourceTree = "<group>"; };
		44A3601C1F1D045700D37278 /* DTAppScope.m */ = {isa = PBXFileReference; fileEncoding = 4; lastKnownFileType = sourcecode.c.objc; path = DTAppScope.m; sourceTree = "<group>"; };
		44A3601E1F1D045700D37278 /* DTAppScopeInitializer.h */ = {isa = PBXFileReference; fileEncoding = 4; lastKnownFileType = sourcecode.c.h; path = DTAppScopeInitializer.h; sourceTree = "<group>"; };
		44A3601F1F1D045700D37278 /* DTAppScopeInitializer.m */ = {isa = PBXFileReference; fileEncoding = 4; lastKnownFileType = sourcecode.c.objc; path = DTAppScopeInitializer.m; sourceTree = "<group>"; };
		44A360201F1D045700D37278 /* DTInitializer.h */ = {isa = PBXFileReference; fileEncoding = 4; lastKnownFileType = sourcecode.c.h; path = DTInitializer.h; sourceTree = "<group>"; };
		44A360671F1D0AC000D37278 /* CRDI.framework */ = {isa = PBXFileReference; lastKnownFileType = wrapper.framework; name = CRDI.framework; path = Carthage/Build/iOS/CRDI.framework; sourceTree = "<group>"; };
		44F71FE61F14CE6C00E3B678 /* FeatureC.framework */ = {isa = PBXFileReference; lastKnownFileType = wrapper.framework; name = FeatureC.framework; path = "FeatureC/build/Debug-iphoneos/FeatureC.framework"; sourceTree = "<group>"; };
		44F71FE81F14D34300E3B678 /* FeatureC.framework */ = {isa = PBXFileReference; explicitFileType = wrapper.framework; path = FeatureC.framework; sourceTree = BUILT_PRODUCTS_DIR; };
		44F71FEC1F14D5A600E3B678 /* FeatureB.framework */ = {isa = PBXFileReference; explicitFileType = wrapper.framework; path = FeatureB.framework; sourceTree = BUILT_PRODUCTS_DIR; };
		44F71FEF1F14D5A700E3B678 /* FeatureA.framework */ = {isa = PBXFileReference; explicitFileType = wrapper.framework; path = FeatureA.framework; sourceTree = BUILT_PRODUCTS_DIR; };
/* End PBXFileReference section */

/* Begin PBXFrameworksBuildPhase section */
		448F908C1F0E684900A3C548 /* Frameworks */ = {
			isa = PBXFrameworksBuildPhase;
			buildActionMask = 2147483647;
			files = (
				44A360681F1D0AC000D37278 /* CRDI.framework in Frameworks */,
				44F71FE71F14CE6C00E3B678 /* FeatureC.framework in Frameworks */,
				441844211F13751B00D391A1 /* DTDemoDomain.framework in Frameworks */,
				44F71FE91F14D34300E3B678 /* FeatureC.framework in Frameworks */,
				4426AEC91F137DDE0060212E /* FeatureB.framework in Frameworks */,
				44F71FF01F14D5A700E3B678 /* FeatureA.framework in Frameworks */,
				44F71FED1F14D5A600E3B678 /* FeatureB.framework in Frameworks */,
				448F90C01F0E68D800A3C548 /* FeatureA.framework in Frameworks */,
			);
			runOnlyForDeploymentPostprocessing = 0;
		};
/* End PBXFrameworksBuildPhase section */

/* Begin PBXGroup section */
		448F90861F0E684900A3C548 = {
			isa = PBXGroup;
			children = (
				44F71FEF1F14D5A700E3B678 /* FeatureA.framework */,
				44F71FEC1F14D5A600E3B678 /* FeatureB.framework */,
				44F71FE81F14D34300E3B678 /* FeatureC.framework */,
				448F90911F0E684A00A3C548 /* DTDemoApp */,
				448F90901F0E684900A3C548 /* Products */,
				448F90BE1F0E68D800A3C548 /* Frameworks */,
			);
			sourceTree = "<group>";
		};
		448F90901F0E684900A3C548 /* Products */ = {
			isa = PBXGroup;
			children = (
				448F908F1F0E684900A3C548 /* DTDemoApp.app */,
			);
			name = Products;
			sourceTree = "<group>";
		};
		448F90911F0E684A00A3C548 /* DTDemoApp */ = {
			isa = PBXGroup;
			children = (
				44A3601A1F1D045700D37278 /* DI */,
				44A3601D1F1D045700D37278 /* Initializers */,
				448F90951F0E684A00A3C548 /* AppDelegate.h */,
				448F90961F0E684A00A3C548 /* AppDelegate.m */,
				448F90981F0E684A00A3C548 /* ViewController.h */,
				448F90991F0E684A00A3C548 /* ViewController.m */,
				448F909B1F0E684A00A3C548 /* Main.storyboard */,
				448F909E1F0E684A00A3C548 /* Assets.xcassets */,
				448F90A01F0E684A00A3C548 /* LaunchScreen.storyboard */,
				448F90A31F0E684A00A3C548 /* Info.plist */,
				448F90921F0E684A00A3C548 /* Supporting Files */,
			);
			path = DTDemoApp;
			sourceTree = "<group>";
		};
		448F90921F0E684A00A3C548 /* Supporting Files */ = {
			isa = PBXGroup;
			children = (
				448F90931F0E684A00A3C548 /* main.m */,
			);
			name = "Supporting Files";
			sourceTree = "<group>";
		};
		448F90BE1F0E68D800A3C548 /* Frameworks */ = {
			isa = PBXGroup;
			children = (
				44A360671F1D0AC000D37278 /* CRDI.framework */,
				44F71FE61F14CE6C00E3B678 /* FeatureC.framework */,
				4426AEC81F137DDE0060212E /* FeatureB.framework */,
				441844201F13751B00D391A1 /* DTDemoDomain.framework */,
				448F90BF1F0E68D800A3C548 /* FeatureA.framework */,
			);
			name = Frameworks;
			sourceTree = "<group>";
		};
		44A3601A1F1D045700D37278 /* DI */ = {
			isa = PBXGroup;
			children = (
				44A3601B1F1D045700D37278 /* DTAppScope.h */,
				44A3601C1F1D045700D37278 /* DTAppScope.m */,
			);
			path = DI;
			sourceTree = "<group>";
		};
		44A3601D1F1D045700D37278 /* Initializers */ = {
			isa = PBXGroup;
			children = (
				44A3601E1F1D045700D37278 /* DTAppScopeInitializer.h */,
				44A3601F1F1D045700D37278 /* DTAppScopeInitializer.m */,
				44A360201F1D045700D37278 /* DTInitializer.h */,
			);
			path = Initializers;
			sourceTree = "<group>";
		};
/* End PBXGroup section */

/* Begin PBXNativeTarget section */
		448F908E1F0E684900A3C548 /* DTDemoApp */ = {
			isa = PBXNativeTarget;
			buildConfigurationList = 448F90A61F0E684A00A3C548 /* Build configuration list for PBXNativeTarget "DTDemoApp" */;
			buildPhases = (
				448F908B1F0E684900A3C548 /* Sources */,
				448F908C1F0E684900A3C548 /* Frameworks */,
				448F908D1F0E684900A3C548 /* Resources */,
				448F90D11F0E75A600A3C548 /* Carthage */,
				44F71FEB1F14D34400E3B678 /* Embed Frameworks */,
			);
			buildRules = (
			);
			dependencies = (
			);
			name = DTDemoApp;
			productName = DTDemoApp;
			productReference = 448F908F1F0E684900A3C548 /* DTDemoApp.app */;
			productType = "com.apple.product-type.application";
		};
/* End PBXNativeTarget section */

/* Begin PBXProject section */
		448F90871F0E684900A3C548 /* Project object */ = {
			isa = PBXProject;
			attributes = {
				LastUpgradeCheck = 0830;
				ORGANIZATIONNAME = "Techery, LLC";
				TargetAttributes = {
					448F908E1F0E684900A3C548 = {
						CreatedOnToolsVersion = 8.3.2;
						DevelopmentTeam = EEJA65ZWYD;
						ProvisioningStyle = Automatic;
					};
				};
			};
			buildConfigurationList = 448F908A1F0E684900A3C548 /* Build configuration list for PBXProject "DTDemoApp" */;
			compatibilityVersion = "Xcode 3.2";
			developmentRegion = English;
			hasScannedForEncodings = 0;
			knownRegions = (
				en,
				Base,
			);
			mainGroup = 448F90861F0E684900A3C548;
			productRefGroup = 448F90901F0E684900A3C548 /* Products */;
			projectDirPath = "";
			projectRoot = "";
			targets = (
				448F908E1F0E684900A3C548 /* DTDemoApp */,
			);
		};
/* End PBXProject section */

/* Begin PBXResourcesBuildPhase section */
		448F908D1F0E684900A3C548 /* Resources */ = {
			isa = PBXResourcesBuildPhase;
			buildActionMask = 2147483647;
			files = (
				448F90A21F0E684A00A3C548 /* LaunchScreen.storyboard in Resources */,
				448F909F1F0E684A00A3C548 /* Assets.xcassets in Resources */,
				448F909D1F0E684A00A3C548 /* Main.storyboard in Resources */,
			);
			runOnlyForDeploymentPostprocessing = 0;
		};
/* End PBXResourcesBuildPhase section */

/* Begin PBXShellScriptBuildPhase section */
		448F90D11F0E75A600A3C548 /* Carthage */ = {
			isa = PBXShellScriptBuildPhase;
			buildActionMask = 2147483647;
			files = (
			);
			inputPaths = (
				"$(SRCROOT)/Carthage/Build/iOS/DTDemoDomain.framework",
				"$(SRCROOT)/Carthage/Build/iOS/CRDI.framework",
			);
			name = Carthage;
			outputPaths = (
				"$(BUILT_PRODUCTS_DIR)/$(FRAMEWORKS_FOLDER_PATH)/DTDemoDomain.framework",
				"$(BUILT_PRODUCTS_DIR)/$(FRAMEWORKS_FOLDER_PATH)/CRDI.framework",
			);
			runOnlyForDeploymentPostprocessing = 0;
			shellPath = /bin/sh;
			shellScript = "/usr/local/bin/carthage copy-frameworks";
		};
/* End PBXShellScriptBuildPhase section */

/* Begin PBXSourcesBuildPhase section */
		448F908B1F0E684900A3C548 /* Sources */ = {
			isa = PBXSourcesBuildPhase;
			buildActionMask = 2147483647;
			files = (
				448F909A1F0E684A00A3C548 /* ViewController.m in Sources */,
				448F90971F0E684A00A3C548 /* AppDelegate.m in Sources */,
				44A360211F1D045700D37278 /* DTAppScope.m in Sources */,
				44A360221F1D045700D37278 /* DTAppScopeInitializer.m in Sources */,
				448F90941F0E684A00A3C548 /* main.m in Sources */,
			);
			runOnlyForDeploymentPostprocessing = 0;
		};
/* End PBXSourcesBuildPhase section */

/* Begin PBXVariantGroup section */
		448F909B1F0E684A00A3C548 /* Main.storyboard */ = {
			isa = PBXVariantGroup;
			children = (
				448F909C1F0E684A00A3C548 /* Base */,
			);
			name = Main.storyboard;
			sourceTree = "<group>";
		};
		448F90A01F0E684A00A3C548 /* LaunchScreen.storyboard */ = {
			isa = PBXVariantGroup;
			children = (
				448F90A11F0E684A00A3C548 /* Base */,
			);
			name = LaunchScreen.storyboard;
			sourceTree = "<group>";
		};
/* End PBXVariantGroup section */

/* Begin XCBuildConfiguration section */
		448F90A41F0E684A00A3C548 /* Debug */ = {
			isa = XCBuildConfiguration;
			buildSettings = {
				ALWAYS_SEARCH_USER_PATHS = NO;
				CLANG_ANALYZER_NONNULL = YES;
				CLANG_ANALYZER_NUMBER_OBJECT_CONVERSION = YES_AGGRESSIVE;
				CLANG_CXX_LANGUAGE_STANDARD = "gnu++0x";
				CLANG_CXX_LIBRARY = "libc++";
				CLANG_ENABLE_MODULES = YES;
				CLANG_ENABLE_OBJC_ARC = YES;
				CLANG_WARN_BOOL_CONVERSION = YES;
				CLANG_WARN_CONSTANT_CONVERSION = YES;
				CLANG_WARN_DIRECT_OBJC_ISA_USAGE = YES_ERROR;
				CLANG_WARN_DOCUMENTATION_COMMENTS = YES;
				CLANG_WARN_EMPTY_BODY = YES;
				CLANG_WARN_ENUM_CONVERSION = YES;
				CLANG_WARN_INFINITE_RECURSION = YES;
				CLANG_WARN_INT_CONVERSION = YES;
				CLANG_WARN_OBJC_ROOT_CLASS = YES_ERROR;
				CLANG_WARN_SUSPICIOUS_MOVE = YES;
				CLANG_WARN_UNREACHABLE_CODE = YES;
				CLANG_WARN__DUPLICATE_METHOD_MATCH = YES;
				"CODE_SIGN_IDENTITY[sdk=iphoneos*]" = "iPhone Developer";
				COPY_PHASE_STRIP = NO;
				DEBUG_INFORMATION_FORMAT = dwarf;
				ENABLE_STRICT_OBJC_MSGSEND = YES;
				ENABLE_TESTABILITY = YES;
				GCC_C_LANGUAGE_STANDARD = gnu99;
				GCC_DYNAMIC_NO_PIC = NO;
				GCC_NO_COMMON_BLOCKS = YES;
				GCC_OPTIMIZATION_LEVEL = 0;
				GCC_PREPROCESSOR_DEFINITIONS = (
					"DEBUG=1",
					"$(inherited)",
				);
				GCC_WARN_64_TO_32_BIT_CONVERSION = YES;
				GCC_WARN_ABOUT_RETURN_TYPE = YES_ERROR;
				GCC_WARN_UNDECLARED_SELECTOR = YES;
				GCC_WARN_UNINITIALIZED_AUTOS = YES_AGGRESSIVE;
				GCC_WARN_UNUSED_FUNCTION = YES;
				GCC_WARN_UNUSED_VARIABLE = YES;
				IPHONEOS_DEPLOYMENT_TARGET = 10.3;
				MTL_ENABLE_DEBUG_INFO = YES;
				ONLY_ACTIVE_ARCH = YES;
				SDKROOT = iphoneos;
				TARGETED_DEVICE_FAMILY = "1,2";
			};
			name = Debug;
		};
		448F90A51F0E684A00A3C548 /* Release */ = {
			isa = XCBuildConfiguration;
			buildSettings = {
				ALWAYS_SEARCH_USER_PATHS = NO;
				CLANG_ANALYZER_NONNULL = YES;
				CLANG_ANALYZER_NUMBER_OBJECT_CONVERSION = YES_AGGRESSIVE;
				CLANG_CXX_LANGUAGE_STANDARD = "gnu++0x";
				CLANG_CXX_LIBRARY = "libc++";
				CLANG_ENABLE_MODULES = YES;
				CLANG_ENABLE_OBJC_ARC = YES;
				CLANG_WARN_BOOL_CONVERSION = YES;
				CLANG_WARN_CONSTANT_CONVERSION = YES;
				CLANG_WARN_DIRECT_OBJC_ISA_USAGE = YES_ERROR;
				CLANG_WARN_DOCUMENTATION_COMMENTS = YES;
				CLANG_WARN_EMPTY_BODY = YES;
				CLANG_WARN_ENUM_CONVERSION = YES;
				CLANG_WARN_INFINITE_RECURSION = YES;
				CLANG_WARN_INT_CONVERSION = YES;
				CLANG_WARN_OBJC_ROOT_CLASS = YES_ERROR;
				CLANG_WARN_SUSPICIOUS_MOVE = YES;
				CLANG_WARN_UNREACHABLE_CODE = YES;
				CLANG_WARN__DUPLICATE_METHOD_MATCH = YES;
				"CODE_SIGN_IDENTITY[sdk=iphoneos*]" = "iPhone Developer";
				COPY_PHASE_STRIP = NO;
				DEBUG_INFORMATION_FORMAT = "dwarf-with-dsym";
				ENABLE_NS_ASSERTIONS = NO;
				ENABLE_STRICT_OBJC_MSGSEND = YES;
				GCC_C_LANGUAGE_STANDARD = gnu99;
				GCC_NO_COMMON_BLOCKS = YES;
				GCC_WARN_64_TO_32_BIT_CONVERSION = YES;
				GCC_WARN_ABOUT_RETURN_TYPE = YES_ERROR;
				GCC_WARN_UNDECLARED_SELECTOR = YES;
				GCC_WARN_UNINITIALIZED_AUTOS = YES_AGGRESSIVE;
				GCC_WARN_UNUSED_FUNCTION = YES;
				GCC_WARN_UNUSED_VARIABLE = YES;
				IPHONEOS_DEPLOYMENT_TARGET = 10.3;
				MTL_ENABLE_DEBUG_INFO = NO;
				SDKROOT = iphoneos;
				TARGETED_DEVICE_FAMILY = "1,2";
				VALIDATE_PRODUCT = YES;
			};
			name = Release;
		};
		448F90A71F0E684A00A3C548 /* Debug */ = {
			isa = XCBuildConfiguration;
			buildSettings = {
				ALWAYS_EMBED_SWIFT_STANDARD_LIBRARIES = YES;
				ASSETCATALOG_COMPILER_APPICON_NAME = AppIcon;
				DEVELOPMENT_TEAM = EEJA65ZWYD;
				FRAMEWORK_SEARCH_PATHS = (
					"$(inherited)",
					"$(PROJECT_DIR)/FeatureA/build/Debug-iphoneos",
					"$(PROJECT_DIR)/Carthage/Build/iOS",
					"$(PROJECT_DIR)/FeatureB/build/Debug-iphoneos",
					"$(PROJECT_DIR)/FeatureC/build/Debug-iphoneos",
				);
				INFOPLIST_FILE = DTDemoApp/Info.plist;
				LD_RUNPATH_SEARCH_PATHS = "$(inherited) @executable_path/Frameworks";
				LIBRARY_SEARCH_PATHS = (
					"$(inherited)",
					"$(PROJECT_DIR)",
				);
				PRODUCT_BUNDLE_IDENTIFIER = io.techery.DTDemoApp;
				PRODUCT_NAME = "$(TARGET_NAME)";
			};
			name = Debug;
		};
		448F90A81F0E684A00A3C548 /* Release */ = {
			isa = XCBuildConfiguration;
			buildSettings = {
				ALWAYS_EMBED_SWIFT_STANDARD_LIBRARIES = YES;
				ASSETCATALOG_COMPILER_APPICON_NAME = AppIcon;
				DEVELOPMENT_TEAM = EEJA65ZWYD;
				FRAMEWORK_SEARCH_PATHS = (
					"$(inherited)",
					"$(PROJECT_DIR)/FeatureA/build/Debug-iphoneos",
					"$(PROJECT_DIR)/Carthage/Build/iOS",
					"$(PROJECT_DIR)/FeatureB/build/Debug-iphoneos",
					"$(PROJECT_DIR)/FeatureC/build/Debug-iphoneos",
				);
				INFOPLIST_FILE = DTDemoApp/Info.plist;
				LD_RUNPATH_SEARCH_PATHS = "$(inherited) @executable_path/Frameworks";
				LIBRARY_SEARCH_PATHS = (
					"$(inherited)",
					"$(PROJECT_DIR)",
				);
				PRODUCT_BUNDLE_IDENTIFIER = io.techery.DTDemoApp;
				PRODUCT_NAME = "$(TARGET_NAME)";
			};
			name = Release;
		};
/* End XCBuildConfiguration section */

/* Begin XCConfigurationList section */
		448F908A1F0E684900A3C548 /* Build configuration list for PBXProject "DTDemoApp" */ = {
			isa = XCConfigurationList;
			buildConfigurations = (
				448F90A41F0E684A00A3C548 /* Debug */,
				448F90A51F0E684A00A3C548 /* Release */,
			);
			defaultConfigurationIsVisible = 0;
			defaultConfigurationName = Release;
		};
		448F90A61F0E684A00A3C548 /* Build configuration list for PBXNativeTarget "DTDemoApp" */ = {
			isa = XCConfigurationList;
			buildConfigurations = (
				448F90A71F0E684A00A3C548 /* Debug */,
				448F90A81F0E684A00A3C548 /* Release */,
			);
			defaultConfigurationIsVisible = 0;
			defaultConfigurationName = Release;
		};
/* End XCConfigurationList section */
	};
	rootObject = 448F90871F0E684900A3C548 /* Project object */;
}
