// !$*UTF8*$!
{
	archiveVersion = 1;
	classes = {
	};
	objectVersion = 46;
	objects = {

/* Begin PBXBuildFile section */
		4418441B1F1373F100D391A1 /* DTDemoDomain.framework in Frameworks */ = {isa = PBXBuildFile; fileRef = 4418441A1F1373F100D391A1 /* DTDemoDomain.framework */; };
		448F90B81F0E68BB00A3C548 /* FeatureA.h in Headers */ = {isa = PBXBuildFile; fileRef = 448F90B61F0E68BB00A3C548 /* FeatureA.h */; settings = {ATTRIBUTES = (Public, ); }; };
		448F90C31F0E690800A3C548 /* AViewController.h in Headers */ = {isa = PBXBuildFile; fileRef = 448F90C11F0E690800A3C548 /* AViewController.h */; settings = {ATTRIBUTES = (Public, ); }; };
		448F90C41F0E690800A3C548 /* AViewController.m in Sources */ = {isa = PBXBuildFile; fileRef = 448F90C21F0E690800A3C548 /* AViewController.m */; };
		44F71FF41F14E5F700E3B678 /* Media.xcassets in Resources */ = {isa = PBXBuildFile; fileRef = 44F71FF31F14E5F700E3B678 /* Media.xcassets */; };
/* End PBXBuildFile section */

/* Begin PBXFileReference section */
		4418441A1F1373F100D391A1 /* DTDemoDomain.framework */ = {isa = PBXFileReference; lastKnownFileType = wrapper.framework; name = DTDemoDomain.framework; path = ../Carthage/Build/iOS/DTDemoDomain.framework; sourceTree = "<group>"; };
		448F90B31F0E68BB00A3C548 /* FeatureA.framework */ = {isa = PBXFileReference; explicitFileType = wrapper.framework; includeInIndex = 0; path = FeatureA.framework; sourceTree = BUILT_PRODUCTS_DIR; };
		448F90B61F0E68BB00A3C548 /* FeatureA.h */ = {isa = PBXFileReference; lastKnownFileType = sourcecode.c.h; path = FeatureA.h; sourceTree = "<group>"; };
		448F90B71F0E68BB00A3C548 /* Info.plist */ = {isa = PBXFileReference; lastKnownFileType = text.plist.xml; path = Info.plist; sourceTree = "<group>"; };
		448F90C11F0E690800A3C548 /* AViewController.h */ = {isa = PBXFileReference; fileEncoding = 4; lastKnownFileType = sourcecode.c.h; path = AViewController.h; sourceTree = "<group>"; };
		448F90C21F0E690800A3C548 /* AViewController.m */ = {isa = PBXFileReference; fileEncoding = 4; lastKnownFileType = sourcecode.c.objc; path = AViewController.m; sourceTree = "<group>"; };
		44F71FF31F14E5F700E3B678 /* Media.xcassets */ = {isa = PBXFileReference; lastKnownFileType = folder.assetcatalog; path = Media.xcassets; sourceTree = "<group>"; };
/* End PBXFileReference section */

/* Begin PBXFrameworksBuildPhase section */
		448F90AF1F0E68BB00A3C548 /* Frameworks */ = {
			isa = PBXFrameworksBuildPhase;
			buildActionMask = 2147483647;
			files = (
				4418441B1F1373F100D391A1 /* DTDemoDomain.framework in Frameworks */,
			);
			runOnlyForDeploymentPostprocessing = 0;
		};
/* End PBXFrameworksBuildPhase section */

/* Begin PBXGroup section */
		448F90A91F0E68BB00A3C548 = {
			isa = PBXGroup;
			children = (
				44F71FF21F14E5E200E3B678 /* Resources */,
				448F90B51F0E68BB00A3C548 /* FeatureA */,
				448F90B41F0E68BB00A3C548 /* Products */,
				448F90C51F0E736000A3C548 /* Frameworks */,
			);
			sourceTree = "<group>";
		};
		448F90B41F0E68BB00A3C548 /* Products */ = {
			isa = PBXGroup;
			children = (
				448F90B31F0E68BB00A3C548 /* FeatureA.framework */,
			);
			name = Products;
			sourceTree = "<group>";
		};
		448F90B51F0E68BB00A3C548 /* FeatureA */ = {
			isa = PBXGroup;
			children = (
				448F90B61F0E68BB00A3C548 /* FeatureA.h */,
				448F90C11F0E690800A3C548 /* AViewController.h */,
				448F90C21F0E690800A3C548 /* AViewController.m */,
				448F90B71F0E68BB00A3C548 /* Info.plist */,
			);
			path = FeatureA;
			sourceTree = "<group>";
		};
		448F90C51F0E736000A3C548 /* Frameworks */ = {
			isa = PBXGroup;
			children = (
				4418441A1F1373F100D391A1 /* DTDemoDomain.framework */,
			);
			name = Frameworks;
			sourceTree = "<group>";
		};
		44F71FF21F14E5E200E3B678 /* Resources */ = {
			isa = PBXGroup;
			children = (
				44F71FF31F14E5F700E3B678 /* Media.xcassets */,
			);
			path = Resources;
			sourceTree = "<group>";
		};
/* End PBXGroup section */

/* Begin PBXHeadersBuildPhase section */
		448F90B01F0E68BB00A3C548 /* Headers */ = {
			isa = PBXHeadersBuildPhase;
			buildActionMask = 2147483647;
			files = (
				448F90B81F0E68BB00A3C548 /* FeatureA.h in Headers */,
				448F90C31F0E690800A3C548 /* AViewController.h in Headers */,
			);
			runOnlyForDeploymentPostprocessing = 0;
		};
/* End PBXHeadersBuildPhase section */

/* Begin PBXNativeTarget section */
		448F90B21F0E68BB00A3C548 /* FeatureA */ = {
			isa = PBXNativeTarget;
			buildConfigurationList = 448F90BB1F0E68BB00A3C548 /* Build configuration list for PBXNativeTarget "FeatureA" */;
			buildPhases = (
				448F90AE1F0E68BB00A3C548 /* Sources */,
				448F90AF1F0E68BB00A3C548 /* Frameworks */,
				448F90B01F0E68BB00A3C548 /* Headers */,
				448F90B11F0E68BB00A3C548 /* Resources */,
			);
			buildRules = (
			);
			dependencies = (
			);
			name = FeatureA;
			productName = FeatureA;
			productReference = 448F90B31F0E68BB00A3C548 /* FeatureA.framework */;
			productType = "com.apple.product-type.framework";
		};
/* End PBXNativeTarget section */

/* Begin PBXProject section */
		448F90AA1F0E68BB00A3C548 /* Project object */ = {
			isa = PBXProject;
			attributes = {
				LastUpgradeCheck = 0830;
				ORGANIZATIONNAME = "Techery, LLC";
				TargetAttributes = {
					448F90B21F0E68BB00A3C548 = {
						CreatedOnToolsVersion = 8.3.2;
						DevelopmentTeam = EEJA65ZWYD;
						ProvisioningStyle = Automatic;
					};
				};
			};
			buildConfigurationList = 448F90AD1F0E68BB00A3C548 /* Build configuration list for PBXProject "FeatureA" */;
			compatibilityVersion = "Xcode 3.2";
			developmentRegion = English;
			hasScannedForEncodings = 0;
			knownRegions = (
				en,
			);
			mainGroup = 448F90A91F0E68BB00A3C548;
			productRefGroup = 448F90B41F0E68BB00A3C548 /* Products */;
			projectDirPath = "";
			projectRoot = "";
			targets = (
				448F90B21F0E68BB00A3C548 /* FeatureA */,
			);
		};
/* End PBXProject section */

/* Begin PBXResourcesBuildPhase section */
		448F90B11F0E68BB00A3C548 /* Resources */ = {
			isa = PBXResourcesBuildPhase;
			buildActionMask = 2147483647;
			files = (
				44F71FF41F14E5F700E3B678 /* Media.xcassets in Resources */,
			);
			runOnlyForDeploymentPostprocessing = 0;
		};
/* End PBXResourcesBuildPhase section */

/* Begin PBXSourcesBuildPhase section */
		448F90AE1F0E68BB00A3C548 /* Sources */ = {
			isa = PBXSourcesBuildPhase;
			buildActionMask = 2147483647;
			files = (
				448F90C41F0E690800A3C548 /* AViewController.m in Sources */,
			);
			runOnlyForDeploymentPostprocessing = 0;
		};
/* End PBXSourcesBuildPhase section */

/* Begin XCBuildConfiguration section */
		448F90B91F0E68BB00A3C548 /* Debug */ = {
			isa = XCBuildConfiguration;
			buildSettings = {
				ALWAYS_SEARCH_USER_PATHS = NO;
				CLANG_ANALYZER_NONNULL = YES;
				CLANG_ANALYZER_NUMBER_OBJECT_CONVERSION = YES_AGGRESSIVE;
				CLANG_CXX_LANGUAGE_STANDARD = "gnu++0x";
				CLANG_CXX_LIBRARY = "libc++";
				CLANG_ENABLE_MODULES = YES;
				CLANG_ENABLE_OBJC_ARC = YES;
				CLANG_WARN_BOOL_CONVERSION = YES;
				CLANG_WARN_CONSTANT_CONVERSION = YES;
				CLANG_WARN_DIRECT_OBJC_ISA_USAGE = YES_ERROR;
				CLANG_WARN_DOCUMENTATION_COMMENTS = YES;
				CLANG_WARN_EMPTY_BODY = YES;
				CLANG_WARN_ENUM_CONVERSION = YES;
				CLANG_WARN_INFINITE_RECURSION = YES;
				CLANG_WARN_INT_CONVERSION = YES;
				CLANG_WARN_OBJC_ROOT_CLASS = YES_ERROR;
				CLANG_WARN_SUSPICIOUS_MOVE = YES;
				CLANG_WARN_UNREACHABLE_CODE = YES;
				CLANG_WARN__DUPLICATE_METHOD_MATCH = YES;
				"CODE_SIGN_IDENTITY[sdk=iphoneos*]" = "iPhone Developer";
				COPY_PHASE_STRIP = NO;
				CURRENT_PROJECT_VERSION = 1;
				DEBUG_INFORMATION_FORMAT = dwarf;
				ENABLE_STRICT_OBJC_MSGSEND = YES;
				ENABLE_TESTABILITY = YES;
				GCC_C_LANGUAGE_STANDARD = gnu99;
				GCC_DYNAMIC_NO_PIC = NO;
				GCC_NO_COMMON_BLOCKS = YES;
				GCC_OPTIMIZATION_LEVEL = 0;
				GCC_PREPROCESSOR_DEFINITIONS = (
					"DEBUG=1",
					"$(inherited)",
				);
				GCC_WARN_64_TO_32_BIT_CONVERSION = YES;
				GCC_WARN_ABOUT_RETURN_TYPE = YES_ERROR;
				GCC_WARN_UNDECLARED_SELECTOR = YES;
				GCC_WARN_UNINITIALIZED_AUTOS = YES_AGGRESSIVE;
				GCC_WARN_UNUSED_FUNCTION = YES;
				GCC_WARN_UNUSED_VARIABLE = YES;
				IPHONEOS_DEPLOYMENT_TARGET = 10.3;
				MTL_ENABLE_DEBUG_INFO = YES;
				ONLY_ACTIVE_ARCH = YES;
				SDKROOT = iphoneos;
				TARGETED_DEVICE_FAMILY = "1,2";
				VERSIONING_SYSTEM = "apple-generic";
				VERSION_INFO_PREFIX = "";
			};
			name = Debug;
		};
		448F90BA1F0E68BB00A3C548 /* Release */ = {
			isa = XCBuildConfiguration;
			buildSettings = {
				ALWAYS_SEARCH_USER_PATHS = NO;
				CLANG_ANALYZER_NONNULL = YES;
				CLANG_ANALYZER_NUMBER_OBJECT_CONVERSION = YES_AGGRESSIVE;
				CLANG_CXX_LANGUAGE_STANDARD = "gnu++0x";
				CLANG_CXX_LIBRARY = "libc++";
				CLANG_ENABLE_MODULES = YES;
				CLANG_ENABLE_OBJC_ARC = YES;
				CLANG_WARN_BOOL_CONVERSION = YES;
				CLANG_WARN_CONSTANT_CONVERSION = YES;
				CLANG_WARN_DIRECT_OBJC_ISA_USAGE = YES_ERROR;
				CLANG_WARN_DOCUMENTATION_COMMENTS = YES;
				CLANG_WARN_EMPTY_BODY = YES;
				CLANG_WARN_ENUM_CONVERSION = YES;
				CLANG_WARN_INFINITE_RECURSION = YES;
				CLANG_WARN_INT_CONVERSION = YES;
				CLANG_WARN_OBJC_ROOT_CLASS = YES_ERROR;
				CLANG_WARN_SUSPICIOUS_MOVE = YES;
				CLANG_WARN_UNREACHABLE_CODE = YES;
				CLANG_WARN__DUPLICATE_METHOD_MATCH = YES;
				"CODE_SIGN_IDENTITY[sdk=iphoneos*]" = "iPhone Developer";
				COPY_PHASE_STRIP = NO;
				CURRENT_PROJECT_VERSION = 1;
				DEBUG_INFORMATION_FORMAT = "dwarf-with-dsym";
				ENABLE_NS_ASSERTIONS = NO;
				ENABLE_STRICT_OBJC_MSGSEND = YES;
				GCC_C_LANGUAGE_STANDARD = gnu99;
				GCC_NO_COMMON_BLOCKS = YES;
				GCC_WARN_64_TO_32_BIT_CONVERSION = YES;
				GCC_WARN_ABOUT_RETURN_TYPE = YES_ERROR;
				GCC_WARN_UNDECLARED_SELECTOR = YES;
				GCC_WARN_UNINITIALIZED_AUTOS = YES_AGGRESSIVE;
				GCC_WARN_UNUSED_FUNCTION = YES;
				GCC_WARN_UNUSED_VARIABLE = YES;
				IPHONEOS_DEPLOYMENT_TARGET = 10.3;
				MTL_ENABLE_DEBUG_INFO = NO;
				SDKROOT = iphoneos;
				TARGETED_DEVICE_FAMILY = "1,2";
				VALIDATE_PRODUCT = YES;
				VERSIONING_SYSTEM = "apple-generic";
				VERSION_INFO_PREFIX = "";
			};
			name = Release;
		};
		448F90BC1F0E68BB00A3C548 /* Debug */ = {
			isa = XCBuildConfiguration;
			buildSettings = {
				CODE_SIGN_IDENTITY = "";
				DEFINES_MODULE = YES;
				DEVELOPMENT_TEAM = EEJA65ZWYD;
				DYLIB_COMPATIBILITY_VERSION = 1;
				DYLIB_CURRENT_VERSION = 1;
				DYLIB_INSTALL_NAME_BASE = "@rpath";
				FRAMEWORK_SEARCH_PATHS = "$(PROJECT_DIR)/../Carthage/Build/iOS";
				INFOPLIST_FILE = FeatureA/Info.plist;
				INSTALL_PATH = "$(LOCAL_LIBRARY_DIR)/Frameworks";
				LD_RUNPATH_SEARCH_PATHS = "$(inherited) @executable_path/Frameworks @loader_path/Frameworks";
				PRODUCT_BUNDLE_IDENTIFIER = io.techery.FeatureA;
				PRODUCT_NAME = "$(TARGET_NAME)";
				SKIP_INSTALL = YES;
			};
			name = Debug;
		};
		448F90BD1F0E68BB00A3C548 /* Release */ = {
			isa = XCBuildConfiguration;
			buildSettings = {
				CODE_SIGN_IDENTITY = "";
				DEFINES_MODULE = YES;
				DEVELOPMENT_TEAM = EEJA65ZWYD;
				DYLIB_COMPATIBILITY_VERSION = 1;
				DYLIB_CURRENT_VERSION = 1;
				DYLIB_INSTALL_NAME_BASE = "@rpath";
				FRAMEWORK_SEARCH_PATHS = "$(PROJECT_DIR)/../Carthage/Build/iOS";
				INFOPLIST_FILE = FeatureA/Info.plist;
				INSTALL_PATH = "$(LOCAL_LIBRARY_DIR)/Frameworks";
				LD_RUNPATH_SEARCH_PATHS = "$(inherited) @executable_path/Frameworks @loader_path/Frameworks";
				PRODUCT_BUNDLE_IDENTIFIER = io.techery.FeatureA;
				PRODUCT_NAME = "$(TARGET_NAME)";
				SKIP_INSTALL = YES;
			};
			name = Release;
		};
/* End XCBuildConfiguration section */

/* Begin XCConfigurationList section */
		448F90AD1F0E68BB00A3C548 /* Build configuration list for PBXProject "FeatureA" */ = {
			isa = XCConfigurationList;
			buildConfigurations = (
				448F90B91F0E68BB00A3C548 /* Debug */,
				448F90BA1F0E68BB00A3C548 /* Release */,
			);
			defaultConfigurationIsVisible = 0;
			defaultConfigurationName = Release;
		};
		448F90BB1F0E68BB00A3C548 /* Build configuration list for PBXNativeTarget "FeatureA" */ = {
			isa = XCConfigurationList;
			buildConfigurations = (
				448F90BC1F0E68BB00A3C548 /* Debug */,
				448F90BD1F0E68BB00A3C548 /* Release */,
			);
			defaultConfigurationIsVisible = 0;
			defaultConfigurationName = Release;
		};
/* End XCConfigurationList section */
	};
	rootObject = 448F90AA1F0E68BB00A3C548 /* Project object */;
}
